
Microsoft Visual Studio Solution File, Format Version 12.00
# Visual Studio 15
VisualStudioVersion = 15.0.28307.705
MinimumVisualStudioVersion = 10.0.40219.1
Project("{FAE04EC0-301F-11D3-BF4B-00C04F79EFBC}") = "PepinoTests", "PepinoTests\PepinoTests.csproj", "{267E5D54-C40A-4782-BE7B-DC4AA83C71E2}"
EndProject
Project("{FAE04EC0-301F-11D3-BF4B-00C04F79EFBC}") = "PepinoLib", "PepinoLib\PepinoLib.csproj", "{3981A62F-A425-40BF-8E87-DACAE3719DF5}"
EndProject
Global
	GlobalSection(SolutionConfigurationPlatforms) = preSolution
		Debug|Any CPU = Debug|Any CPU
		Release|Any CPU = Release|Any CPU
	EndGlobalSection
	GlobalSection(ProjectConfigurationPlatforms) = postSolution
		{267E5D54-C40A-4782-BE7B-DC4AA83C71E2}.Debug|Any CPU.ActiveCfg = Debug|Any CPU
		{267E5D54-C40A-4782-BE7B-DC4AA83C71E2}.Debug|Any CPU.Build.0 = Debug|Any CPU
		{267E5D54-C40A-4782-BE7B-DC4AA83C71E2}.Release|Any CPU.ActiveCfg = Release|Any CPU
		{267E5D54-C40A-4782-BE7B-DC4AA83C71E2}.Release|Any CPU.Build.0 = Release|Any CPU
		{3981A62F-A425-40BF-8E87-DACAE3719DF5}.Debug|Any CPU.ActiveCfg = Debug|Any CPU
		{3981A62F-A425-40BF-8E87-DACAE3719DF5}.Debug|Any CPU.Build.0 = Debug|Any CPU
		{3981A62F-A425-40BF-8E87-DACAE3719DF5}.Release|Any CPU.ActiveCfg = Release|Any CPU
		{3981A62F-A425-40BF-8E87-DACAE3719DF5}.Release|Any CPU.Build.0 = Release|Any CPU
	EndGlobalSection
	GlobalSection(SolutionProperties) = preSolution
		HideSolutionNode = FALSE
	EndGlobalSection
	GlobalSection(ExtensibilityGlobals) = postSolution
		SolutionGuid = {399EC3F0-7DE4-4A40-A112-B85D94401007}
	EndGlobalSection
EndGlobal
